// !$*UTF8*$!
{
	archiveVersion = 1;
	classes = {
	};
	objectVersion = 50;
	objects = {

/* Begin PBXBuildFile section */
		1815A5ED21FC826A0052A2CE /* AppDelegate.swift in Sources */ = {isa = PBXBuildFile; fileRef = 1815A5EC21FC826A0052A2CE /* AppDelegate.swift */; };
		1815A5EF21FC826A0052A2CE /* ViewController.swift in Sources */ = {isa = PBXBuildFile; fileRef = 1815A5EE21FC826A0052A2CE /* ViewController.swift */; };
		1815A5F221FC826A0052A2CE /* Main.storyboard in Resources */ = {isa = PBXBuildFile; fileRef = 1815A5F021FC826A0052A2CE /* Main.storyboard */; };
		1815A5F521FC826A0052A2CE /* MakeItToo.xcdatamodeld in Sources */ = {isa = PBXBuildFile; fileRef = 1815A5F321FC826A0052A2CE /* MakeItToo.xcdatamodeld */; };
		1815A5F721FC826B0052A2CE /* Assets.xcassets in Resources */ = {isa = PBXBuildFile; fileRef = 1815A5F621FC826B0052A2CE /* Assets.xcassets */; };
		1815A5FA21FC826B0052A2CE /* LaunchScreen.storyboard in Resources */ = {isa = PBXBuildFile; fileRef = 1815A5F821FC826B0052A2CE /* LaunchScreen.storyboard */; };
		1815A60521FC826B0052A2CE /* MakeItTooTests.swift in Sources */ = {isa = PBXBuildFile; fileRef = 1815A60421FC826B0052A2CE /* MakeItTooTests.swift */; };
		1815A61021FC826B0052A2CE /* MakeItTooUITests.swift in Sources */ = {isa = PBXBuildFile; fileRef = 1815A60F21FC826B0052A2CE /* MakeItTooUITests.swift */; };
		1815A62121FC83330052A2CE /* LoginViewController.swift in Sources */ = {isa = PBXBuildFile; fileRef = 1815A62021FC83330052A2CE /* LoginViewController.swift */; };
		1815A62321FC83430052A2CE /* SignupViewController.swift in Sources */ = {isa = PBXBuildFile; fileRef = 1815A62221FC83430052A2CE /* SignupViewController.swift */; };
		1815A62521FC83540052A2CE /* ForgotPasswordViewController.swift in Sources */ = {isa = PBXBuildFile; fileRef = 1815A62421FC83540052A2CE /* ForgotPasswordViewController.swift */; };
		1815A62721FC838E0052A2CE /* ContainerViewController.swift in Sources */ = {isa = PBXBuildFile; fileRef = 1815A62621FC838E0052A2CE /* ContainerViewController.swift */; };
		1815A62A21FC840A0052A2CE /* HomeViewController.swift in Sources */ = {isa = PBXBuildFile; fileRef = 1815A62921FC840A0052A2CE /* HomeViewController.swift */; };
		18259B8321FDB0C90028A744 /* ScannerViewController.swift in Sources */ = {isa = PBXBuildFile; fileRef = 18259B8221FDB0C90028A744 /* ScannerViewController.swift */; };
		18259B8621FDB91C0028A744 /* Constants.swift in Sources */ = {isa = PBXBuildFile; fileRef = 18259B8521FDB91C0028A744 /* Constants.swift */; };
		18259B8821FDC47F0028A744 /* LoginNav.swift in Sources */ = {isa = PBXBuildFile; fileRef = 18259B8721FDC47F0028A744 /* LoginNav.swift */; };
		18259B8A21FDD47D0028A744 /* FolderDetailsViewController.swift in Sources */ = {isa = PBXBuildFile; fileRef = 18259B8921FDD47D0028A744 /* FolderDetailsViewController.swift */; };
		18259B8F21FDE6B50028A744 /* ServiceManager.swift in Sources */ = {isa = PBXBuildFile; fileRef = 18259B8E21FDE6B50028A744 /* ServiceManager.swift */; };
/* End PBXBuildFile section */

/* Begin PBXContainerItemProxy section */
		1815A60121FC826B0052A2CE /* PBXContainerItemProxy */ = {
			isa = PBXContainerItemProxy;
			containerPortal = 1815A5E121FC82690052A2CE /* Project object */;
			proxyType = 1;
			remoteGlobalIDString = 1815A5E821FC826A0052A2CE;
			remoteInfo = MakeItToo;
		};
		1815A60C21FC826B0052A2CE /* PBXContainerItemProxy */ = {
			isa = PBXContainerItemProxy;
			containerPortal = 1815A5E121FC82690052A2CE /* Project object */;
			proxyType = 1;
			remoteGlobalIDString = 1815A5E821FC826A0052A2CE;
			remoteInfo = MakeItToo;
		};
/* End PBXContainerItemProxy section */

/* Begin PBXFileReference section */
		1815A5E921FC826A0052A2CE /* MakeItToo.app */ = {isa = PBXFileReference; explicitFileType = wrapper.application; includeInIndex = 0; path = MakeItToo.app; sourceTree = BUILT_PRODUCTS_DIR; };
		1815A5EC21FC826A0052A2CE /* AppDelegate.swift */ = {isa = PBXFileReference; lastKnownFileType = sourcecode.swift; path = AppDelegate.swift; sourceTree = "<group>"; };
		1815A5EE21FC826A0052A2CE /* ViewController.swift */ = {isa = PBXFileReference; lastKnownFileType = sourcecode.swift; path = ViewController.swift; sourceTree = "<group>"; };
		1815A5F121FC826A0052A2CE /* Base */ = {isa = PBXFileReference; lastKnownFileType = file.storyboard; name = Base; path = Base.lproj/Main.storyboard; sourceTree = "<group>"; };
		1815A5F421FC826A0052A2CE /* MakeItToo.xcdatamodel */ = {isa = PBXFileReference; lastKnownFileType = wrapper.xcdatamodel; path = MakeItToo.xcdatamodel; sourceTree = "<group>"; };
		1815A5F621FC826B0052A2CE /* Assets.xcassets */ = {isa = PBXFileReference; lastKnownFileType = folder.assetcatalog; path = Assets.xcassets; sourceTree = "<group>"; };
		1815A5F921FC826B0052A2CE /* Base */ = {isa = PBXFileReference; lastKnownFileType = file.storyboard; name = Base; path = Base.lproj/LaunchScreen.storyboard; sourceTree = "<group>"; };
		1815A5FB21FC826B0052A2CE /* Info.plist */ = {isa = PBXFileReference; lastKnownFileType = text.plist.xml; path = Info.plist; sourceTree = "<group>"; };
		1815A60021FC826B0052A2CE /* MakeItTooTests.xctest */ = {isa = PBXFileReference; explicitFileType = wrapper.cfbundle; includeInIndex = 0; path = MakeItTooTests.xctest; sourceTree = BUILT_PRODUCTS_DIR; };
		1815A60421FC826B0052A2CE /* MakeItTooTests.swift */ = {isa = PBXFileReference; lastKnownFileType = sourcecode.swift; path = MakeItTooTests.swift; sourceTree = "<group>"; };
		1815A60621FC826B0052A2CE /* Info.plist */ = {isa = PBXFileReference; lastKnownFileType = text.plist.xml; path = Info.plist; sourceTree = "<group>"; };
		1815A60B21FC826B0052A2CE /* MakeItTooUITests.xctest */ = {isa = PBXFileReference; explicitFileType = wrapper.cfbundle; includeInIndex = 0; path = MakeItTooUITests.xctest; sourceTree = BUILT_PRODUCTS_DIR; };
		1815A60F21FC826B0052A2CE /* MakeItTooUITests.swift */ = {isa = PBXFileReference; lastKnownFileType = sourcecode.swift; path = MakeItTooUITests.swift; sourceTree = "<group>"; };
		1815A61121FC826B0052A2CE /* Info.plist */ = {isa = PBXFileReference; lastKnownFileType = text.plist.xml; path = Info.plist; sourceTree = "<group>"; };
		1815A62021FC83330052A2CE /* LoginViewController.swift */ = {isa = PBXFileReference; fileEncoding = 4; lastKnownFileType = sourcecode.swift; path = LoginViewController.swift; sourceTree = "<group>"; };
		1815A62221FC83430052A2CE /* SignupViewController.swift */ = {isa = PBXFileReference; lastKnownFileType = sourcecode.swift; path = SignupViewController.swift; sourceTree = "<group>"; };
		1815A62421FC83540052A2CE /* ForgotPasswordViewController.swift */ = {isa = PBXFileReference; lastKnownFileType = sourcecode.swift; path = ForgotPasswordViewController.swift; sourceTree = "<group>"; };
		1815A62621FC838E0052A2CE /* ContainerViewController.swift */ = {isa = PBXFileReference; lastKnownFileType = sourcecode.swift; path = ContainerViewController.swift; sourceTree = "<group>"; };
		1815A62921FC840A0052A2CE /* HomeViewController.swift */ = {isa = PBXFileReference; lastKnownFileType = sourcecode.swift; path = HomeViewController.swift; sourceTree = "<group>"; };
		18259B8221FDB0C90028A744 /* ScannerViewController.swift */ = {isa = PBXFileReference; lastKnownFileType = sourcecode.swift; path = ScannerViewController.swift; sourceTree = "<group>"; };
		18259B8521FDB91C0028A744 /* Constants.swift */ = {isa = PBXFileReference; lastKnownFileType = sourcecode.swift; path = Constants.swift; sourceTree = "<group>"; };
		18259B8721FDC47F0028A744 /* LoginNav.swift */ = {isa = PBXFileReference; lastKnownFileType = sourcecode.swift; path = LoginNav.swift; sourceTree = "<group>"; };
		18259B8921FDD47D0028A744 /* FolderDetailsViewController.swift */ = {isa = PBXFileReference; lastKnownFileType = sourcecode.swift; path = FolderDetailsViewController.swift; sourceTree = "<group>"; };
		18259B8E21FDE6B50028A744 /* ServiceManager.swift */ = {isa = PBXFileReference; lastKnownFileType = sourcecode.swift; path = ServiceManager.swift; sourceTree = "<group>"; };
/* End PBXFileReference section */

/* Begin PBXFrameworksBuildPhase section */
		1815A5E621FC826A0052A2CE /* Frameworks */ = {
			isa = PBXFrameworksBuildPhase;
			buildActionMask = 2147483647;
			files = (
			);
			runOnlyForDeploymentPostprocessing = 0;
		};
		1815A5FD21FC826B0052A2CE /* Frameworks */ = {
			isa = PBXFrameworksBuildPhase;
			buildActionMask = 2147483647;
			files = (
			);
			runOnlyForDeploymentPostprocessing = 0;
		};
		1815A60821FC826B0052A2CE /* Frameworks */ = {
			isa = PBXFrameworksBuildPhase;
			buildActionMask = 2147483647;
			files = (
			);
			runOnlyForDeploymentPostprocessing = 0;
		};
/* End PBXFrameworksBuildPhase section */

/* Begin PBXGroup section */
		1815A5E021FC82690052A2CE = {
			isa = PBXGroup;
			children = (
				1815A5EB21FC826A0052A2CE /* MakeItToo */,
				1815A60321FC826B0052A2CE /* MakeItTooTests */,
				1815A60E21FC826B0052A2CE /* MakeItTooUITests */,
				1815A5EA21FC826A0052A2CE /* Products */,
			);
			sourceTree = "<group>";
		};
		1815A5EA21FC826A0052A2CE /* Products */ = {
			isa = PBXGroup;
			children = (
				1815A5E921FC826A0052A2CE /* MakeItToo.app */,
				1815A60021FC826B0052A2CE /* MakeItTooTests.xctest */,
				1815A60B21FC826B0052A2CE /* MakeItTooUITests.xctest */,
			);
			name = Products;
			sourceTree = "<group>";
		};
		1815A5EB21FC826A0052A2CE /* MakeItToo */ = {
			isa = PBXGroup;
			children = (
				18259B8421FDB90D0028A744 /* Resources */,
				1815A62821FC83FE0052A2CE /* Viewcontrollers */,
				1815A61F21FC83330052A2CE /* Authorisation */,
				1815A5EC21FC826A0052A2CE /* AppDelegate.swift */,
				1815A5EE21FC826A0052A2CE /* ViewController.swift */,
				1815A5F021FC826A0052A2CE /* Main.storyboard */,
				1815A5F621FC826B0052A2CE /* Assets.xcassets */,
				1815A5F821FC826B0052A2CE /* LaunchScreen.storyboard */,
				1815A5FB21FC826B0052A2CE /* Info.plist */,
				1815A5F321FC826A0052A2CE /* MakeItToo.xcdatamodeld */,
				1815A62621FC838E0052A2CE /* ContainerViewController.swift */,
				18259B8521FDB91C0028A744 /* Constants.swift */,
			);
			path = MakeItToo;
			sourceTree = "<group>";
		};
		1815A60321FC826B0052A2CE /* MakeItTooTests */ = {
			isa = PBXGroup;
			children = (
				1815A60421FC826B0052A2CE /* MakeItTooTests.swift */,
				1815A60621FC826B0052A2CE /* Info.plist */,
			);
			path = MakeItTooTests;
			sourceTree = "<group>";
		};
		1815A60E21FC826B0052A2CE /* MakeItTooUITests */ = {
			isa = PBXGroup;
			children = (
				1815A60F21FC826B0052A2CE /* MakeItTooUITests.swift */,
				1815A61121FC826B0052A2CE /* Info.plist */,
			);
			path = MakeItTooUITests;
			sourceTree = "<group>";
		};
		1815A61F21FC83330052A2CE /* Authorisation */ = {
			isa = PBXGroup;
			children = (
				1815A62021FC83330052A2CE /* LoginViewController.swift */,
				1815A62221FC83430052A2CE /* SignupViewController.swift */,
				1815A62421FC83540052A2CE /* ForgotPasswordViewController.swift */,
				18259B8721FDC47F0028A744 /* LoginNav.swift */,
			);
			path = Authorisation;
			sourceTree = "<group>";
		};
		1815A62821FC83FE0052A2CE /* Viewcontrollers */ = {
			isa = PBXGroup;
			children = (
				1815A62921FC840A0052A2CE /* HomeViewController.swift */,
				18259B8221FDB0C90028A744 /* ScannerViewController.swift */,
				18259B8921FDD47D0028A744 /* FolderDetailsViewController.swift */,
			);
			path = Viewcontrollers;
			sourceTree = "<group>";
		};
		18259B8421FDB90D0028A744 /* Resources */ = {
			isa = PBXGroup;
			children = (
				18259B8D21FDE6620028A744 /* ServiceManager */,
			);
			path = Resources;
			sourceTree = "<group>";
		};
		18259B8D21FDE6620028A744 /* ServiceManager */ = {
			isa = PBXGroup;
			children = (
				18259B8E21FDE6B50028A744 /* ServiceManager.swift */,
			);
			path = ServiceManager;
			sourceTree = "<group>";
		};
/* End PBXGroup section */

/* Begin PBXNativeTarget section */
		1815A5E821FC826A0052A2CE /* MakeItToo */ = {
			isa = PBXNativeTarget;
			buildConfigurationList = 1815A61421FC826B0052A2CE /* Build configuration list for PBXNativeTarget "MakeItToo" */;
			buildPhases = (
				1815A5E521FC826A0052A2CE /* Sources */,
				1815A5E621FC826A0052A2CE /* Frameworks */,
				1815A5E721FC826A0052A2CE /* Resources */,
			);
			buildRules = (
			);
			dependencies = (
			);
			name = MakeItToo;
			productName = MakeItToo;
			productReference = 1815A5E921FC826A0052A2CE /* MakeItToo.app */;
			productType = "com.apple.product-type.application";
		};
		1815A5FF21FC826B0052A2CE /* MakeItTooTests */ = {
			isa = PBXNativeTarget;
			buildConfigurationList = 1815A61721FC826B0052A2CE /* Build configuration list for PBXNativeTarget "MakeItTooTests" */;
			buildPhases = (
				1815A5FC21FC826B0052A2CE /* Sources */,
				1815A5FD21FC826B0052A2CE /* Frameworks */,
				1815A5FE21FC826B0052A2CE /* Resources */,
			);
			buildRules = (
			);
			dependencies = (
				1815A60221FC826B0052A2CE /* PBXTargetDependency */,
			);
			name = MakeItTooTests;
			productName = MakeItTooTests;
			productReference = 1815A60021FC826B0052A2CE /* MakeItTooTests.xctest */;
			productType = "com.apple.product-type.bundle.unit-test";
		};
		1815A60A21FC826B0052A2CE /* MakeItTooUITests */ = {
			isa = PBXNativeTarget;
			buildConfigurationList = 1815A61A21FC826B0052A2CE /* Build configuration list for PBXNativeTarget "MakeItTooUITests" */;
			buildPhases = (
				1815A60721FC826B0052A2CE /* Sources */,
				1815A60821FC826B0052A2CE /* Frameworks */,
				1815A60921FC826B0052A2CE /* Resources */,
			);
			buildRules = (
			);
			dependencies = (
				1815A60D21FC826B0052A2CE /* PBXTargetDependency */,
			);
			name = MakeItTooUITests;
			productName = MakeItTooUITests;
			productReference = 1815A60B21FC826B0052A2CE /* MakeItTooUITests.xctest */;
			productType = "com.apple.product-type.bundle.ui-testing";
		};
/* End PBXNativeTarget section */

/* Begin PBXProject section */
		1815A5E121FC82690052A2CE /* Project object */ = {
			isa = PBXProject;
			attributes = {
				LastSwiftUpdateCheck = 0930;
				LastUpgradeCheck = 0930;
				ORGANIZATIONNAME = Nitin;
				TargetAttributes = {
					1815A5E821FC826A0052A2CE = {
						CreatedOnToolsVersion = 9.3;
					};
					1815A5FF21FC826B0052A2CE = {
						CreatedOnToolsVersion = 9.3;
						TestTargetID = 1815A5E821FC826A0052A2CE;
					};
					1815A60A21FC826B0052A2CE = {
						CreatedOnToolsVersion = 9.3;
						TestTargetID = 1815A5E821FC826A0052A2CE;
					};
				};
			};
			buildConfigurationList = 1815A5E421FC82690052A2CE /* Build configuration list for PBXProject "MakeItToo" */;
			compatibilityVersion = "Xcode 9.3";
			developmentRegion = en;
			hasScannedForEncodings = 0;
			knownRegions = (
				en,
				Base,
			);
			mainGroup = 1815A5E021FC82690052A2CE;
			productRefGroup = 1815A5EA21FC826A0052A2CE /* Products */;
			projectDirPath = "";
			projectRoot = "";
			targets = (
				1815A5E821FC826A0052A2CE /* MakeItToo */,
				1815A5FF21FC826B0052A2CE /* MakeItTooTests */,
				1815A60A21FC826B0052A2CE /* MakeItTooUITests */,
			);
		};
/* End PBXProject section */

/* Begin PBXResourcesBuildPhase section */
		1815A5E721FC826A0052A2CE /* Resources */ = {
			isa = PBXResourcesBuildPhase;
			buildActionMask = 2147483647;
			files = (
				1815A5FA21FC826B0052A2CE /* LaunchScreen.storyboard in Resources */,
				1815A5F721FC826B0052A2CE /* Assets.xcassets in Resources */,
				1815A5F221FC826A0052A2CE /* Main.storyboard in Resources */,
			);
			runOnlyForDeploymentPostprocessing = 0;
		};
		1815A5FE21FC826B0052A2CE /* Resources */ = {
			isa = PBXResourcesBuildPhase;
			buildActionMask = 2147483647;
			files = (
			);
			runOnlyForDeploymentPostprocessing = 0;
		};
		1815A60921FC826B0052A2CE /* Resources */ = {
			isa = PBXResourcesBuildPhase;
			buildActionMask = 2147483647;
			files = (
			);
			runOnlyForDeploymentPostprocessing = 0;
		};
/* End PBXResourcesBuildPhase section */

/* Begin PBXSourcesBuildPhase section */
		1815A5E521FC826A0052A2CE /* Sources */ = {
			isa = PBXSourcesBuildPhase;
			buildActionMask = 2147483647;
			files = (
				1815A62121FC83330052A2CE /* LoginViewController.swift in Sources */,
				18259B8621FDB91C0028A744 /* Constants.swift in Sources */,
				1815A5EF21FC826A0052A2CE /* ViewController.swift in Sources */,
				18259B8821FDC47F0028A744 /* LoginNav.swift in Sources */,
				18259B8F21FDE6B50028A744 /* ServiceManager.swift in Sources */,
				1815A62721FC838E0052A2CE /* ContainerViewController.swift in Sources */,
				18259B8321FDB0C90028A744 /* ScannerViewController.swift in Sources */,
				1815A62A21FC840A0052A2CE /* HomeViewController.swift in Sources */,
				1815A62521FC83540052A2CE /* ForgotPasswordViewController.swift in Sources */,
				18259B8A21FDD47D0028A744 /* FolderDetailsViewController.swift in Sources */,
				1815A62321FC83430052A2CE /* SignupViewController.swift in Sources */,
				1815A5ED21FC826A0052A2CE /* AppDelegate.swift in Sources */,
				1815A5F521FC826A0052A2CE /* MakeItToo.xcdatamodeld in Sources */,
			);
			runOnlyForDeploymentPostprocessing = 0;
		};
		1815A5FC21FC826B0052A2CE /* Sources */ = {
			isa = PBXSourcesBuildPhase;
			buildActionMask = 2147483647;
			files = (
				1815A60521FC826B0052A2CE /* MakeItTooTests.swift in Sources */,
			);
			runOnlyForDeploymentPostprocessing = 0;
		};
		1815A60721FC826B0052A2CE /* Sources */ = {
			isa = PBXSourcesBuildPhase;
			buildActionMask = 2147483647;
			files = (
				1815A61021FC826B0052A2CE /* MakeItTooUITests.swift in Sources */,
			);
			runOnlyForDeploymentPostprocessing = 0;
		};
/* End PBXSourcesBuildPhase section */

/* Begin PBXTargetDependency section */
		1815A60221FC826B0052A2CE /* PBXTargetDependency */ = {
			isa = PBXTargetDependency;
			target = 1815A5E821FC826A0052A2CE /* MakeItToo */;
			targetProxy = 1815A60121FC826B0052A2CE /* PBXContainerItemProxy */;
		};
		1815A60D21FC826B0052A2CE /* PBXTargetDependency */ = {
			isa = PBXTargetDependency;
			target = 1815A5E821FC826A0052A2CE /* MakeItToo */;
			targetProxy = 1815A60C21FC826B0052A2CE /* PBXContainerItemProxy */;
		};
/* End PBXTargetDependency section */

/* Begin PBXVariantGroup section */
		1815A5F021FC826A0052A2CE /* Main.storyboard */ = {
			isa = PBXVariantGroup;
			children = (
				1815A5F121FC826A0052A2CE /* Base */,
			);
			name = Main.storyboard;
			sourceTree = "<group>";
		};
		1815A5F821FC826B0052A2CE /* LaunchScreen.storyboard */ = {
			isa = PBXVariantGroup;
			children = (
				1815A5F921FC826B0052A2CE /* Base */,
			);
			name = LaunchScreen.storyboard;
			sourceTree = "<group>";
		};
/* End PBXVariantGroup section */

/* Begin XCBuildConfiguration section */
		1815A61221FC826B0052A2CE /* Debug */ = {
			isa = XCBuildConfiguration;
			buildSettings = {
				ALWAYS_SEARCH_USER_PATHS = NO;
				CLANG_ANALYZER_NONNULL = YES;
				CLANG_ANALYZER_NUMBER_OBJECT_CONVERSION = YES_AGGRESSIVE;
				CLANG_CXX_LANGUAGE_STANDARD = "gnu++14";
				CLANG_CXX_LIBRARY = "libc++";
				CLANG_ENABLE_MODULES = YES;
				CLANG_ENABLE_OBJC_ARC = YES;
				CLANG_ENABLE_OBJC_WEAK = YES;
				CLANG_WARN_BLOCK_CAPTURE_AUTORELEASING = YES;
				CLANG_WARN_BOOL_CONVERSION = YES;
				CLANG_WARN_COMMA = YES;
				CLANG_WARN_CONSTANT_CONVERSION = YES;
				CLANG_WARN_DEPRECATED_OBJC_IMPLEMENTATIONS = YES;
				CLANG_WARN_DIRECT_OBJC_ISA_USAGE = YES_ERROR;
				CLANG_WARN_DOCUMENTATION_COMMENTS = YES;
				CLANG_WARN_EMPTY_BODY = YES;
				CLANG_WARN_ENUM_CONVERSION = YES;
				CLANG_WARN_INFINITE_RECURSION = YES;
				CLANG_WARN_INT_CONVERSION = YES;
				CLANG_WARN_NON_LITERAL_NULL_CONVERSION = YES;
				CLANG_WARN_OBJC_IMPLICIT_RETAIN_SELF = YES;
				CLANG_WARN_OBJC_LITERAL_CONVERSION = YES;
				CLANG_WARN_OBJC_ROOT_CLASS = YES_ERROR;
				CLANG_WARN_RANGE_LOOP_ANALYSIS = YES;
				CLANG_WARN_STRICT_PROTOTYPES = YES;
				CLANG_WARN_SUSPICIOUS_MOVE = YES;
				CLANG_WARN_UNGUARDED_AVAILABILITY = YES_AGGRESSIVE;
				CLANG_WARN_UNREACHABLE_CODE = YES;
				CLANG_WARN__DUPLICATE_METHOD_MATCH = YES;
				CODE_SIGN_IDENTITY = "iPhone Developer";
				COPY_PHASE_STRIP = NO;
				DEBUG_INFORMATION_FORMAT = dwarf;
				ENABLE_STRICT_OBJC_MSGSEND = YES;
				ENABLE_TESTABILITY = YES;
				GCC_C_LANGUAGE_STANDARD = gnu11;
				GCC_DYNAMIC_NO_PIC = NO;
				GCC_NO_COMMON_BLOCKS = YES;
				GCC_OPTIMIZATION_LEVEL = 0;
				GCC_PREPROCESSOR_DEFINITIONS = (
					"DEBUG=1",
					"$(inherited)",
				);
				GCC_WARN_64_TO_32_BIT_CONVERSION = YES;
				GCC_WARN_ABOUT_RETURN_TYPE = YES_ERROR;
				GCC_WARN_UNDECLARED_SELECTOR = YES;
				GCC_WARN_UNINITIALIZED_AUTOS = YES_AGGRESSIVE;
				GCC_WARN_UNUSED_FUNCTION = YES;
				GCC_WARN_UNUSED_VARIABLE = YES;
				IPHONEOS_DEPLOYMENT_TARGET = 11.3;
				MTL_ENABLE_DEBUG_INFO = YES;
				ONLY_ACTIVE_ARCH = YES;
				SDKROOT = iphoneos;
				SWIFT_ACTIVE_COMPILATION_CONDITIONS = DEBUG;
				SWIFT_OPTIMIZATION_LEVEL = "-Onone";
			};
			name = Debug;
		};
		1815A61321FC826B0052A2CE /* Release */ = {
			isa = XCBuildConfiguration;
			buildSettings = {
				ALWAYS_SEARCH_USER_PATHS = NO;
				CLANG_ANALYZER_NONNULL = YES;
				CLANG_ANALYZER_NUMBER_OBJECT_CONVERSION = YES_AGGRESSIVE;
				CLANG_CXX_LANGUAGE_STANDARD = "gnu++14";
				CLANG_CXX_LIBRARY = "libc++";
				CLANG_ENABLE_MODULES = YES;
				CLANG_ENABLE_OBJC_ARC = YES;
				CLANG_ENABLE_OBJC_WEAK = YES;
				CLANG_WARN_BLOCK_CAPTURE_AUTORELEASING = YES;
				CLANG_WARN_BOOL_CONVERSION = YES;
				CLANG_WARN_COMMA = YES;
				CLANG_WARN_CONSTANT_CONVERSION = YES;
				CLANG_WARN_DEPRECATED_OBJC_IMPLEMENTATIONS = YES;
				CLANG_WARN_DIRECT_OBJC_ISA_USAGE = YES_ERROR;
				CLANG_WARN_DOCUMENTATION_COMMENTS = YES;
				CLANG_WARN_EMPTY_BODY = YES;
				CLANG_WARN_ENUM_CONVERSION = YES;
				CLANG_WARN_INFINITE_RECURSION = YES;
				CLANG_WARN_INT_CONVERSION = YES;
				CLANG_WARN_NON_LITERAL_NULL_CONVERSION = YES;
				CLANG_WARN_OBJC_IMPLICIT_RETAIN_SELF = YES;
				CLANG_WARN_OBJC_LITERAL_CONVERSION = YES;
				CLANG_WARN_OBJC_ROOT_CLASS = YES_ERROR;
				CLANG_WARN_RANGE_LOOP_ANALYSIS = YES;
				CLANG_WARN_STRICT_PROTOTYPES = YES;
				CLANG_WARN_SUSPICIOUS_MOVE = YES;
				CLANG_WARN_UNGUARDED_AVAILABILITY = YES_AGGRESSIVE;
				CLANG_WARN_UNREACHABLE_CODE = YES;
				CLANG_WARN__DUPLICATE_METHOD_MATCH = YES;
				CODE_SIGN_IDENTITY = "iPhone Developer";
				COPY_PHASE_STRIP = NO;
				DEBUG_INFORMATION_FORMAT = "dwarf-with-dsym";
				ENABLE_NS_ASSERTIONS = NO;
				ENABLE_STRICT_OBJC_MSGSEND = YES;
				GCC_C_LANGUAGE_STANDARD = gnu11;
				GCC_NO_COMMON_BLOCKS = YES;
				GCC_WARN_64_TO_32_BIT_CONVERSION = YES;
				GCC_WARN_ABOUT_RETURN_TYPE = YES_ERROR;
				GCC_WARN_UNDECLARED_SELECTOR = YES;
				GCC_WARN_UNINITIALIZED_AUTOS = YES_AGGRESSIVE;
				GCC_WARN_UNUSED_FUNCTION = YES;
				GCC_WARN_UNUSED_VARIABLE = YES;
				IPHONEOS_DEPLOYMENT_TARGET = 11.3;
				MTL_ENABLE_DEBUG_INFO = NO;
				SDKROOT = iphoneos;
				SWIFT_COMPILATION_MODE = wholemodule;
				SWIFT_OPTIMIZATION_LEVEL = "-O";
				VALIDATE_PRODUCT = YES;
			};
			name = Release;
		};
		1815A61521FC826B0052A2CE /* Debug */ = {
			isa = XCBuildConfiguration;
			buildSettings = {
				ASSETCATALOG_COMPILER_APPICON_NAME = AppIcon;
				CODE_SIGN_STYLE = Automatic;
				INFOPLIST_FILE = MakeItToo/Info.plist;
				IPHONEOS_DEPLOYMENT_TARGET = 10.0;
				LD_RUNPATH_SEARCH_PATHS = (
					"$(inherited)",
					"@executable_path/Frameworks",
				);
				PRODUCT_BUNDLE_IDENTIFIER = com.anon.pickme.MakeItToo;
				PRODUCT_NAME = "$(TARGET_NAME)";
				SWIFT_VERSION = 4.0;
				TARGETED_DEVICE_FAMILY = "1,2";
			};
			name = Debug;
		};
		1815A61621FC826B0052A2CE /* Release */ = {
			isa = XCBuildConfiguration;
			buildSettings = {
				ASSETCATALOG_COMPILER_APPICON_NAME = AppIcon;
				CODE_SIGN_STYLE = Automatic;
				INFOPLIST_FILE = MakeItToo/Info.plist;
				IPHONEOS_DEPLOYMENT_TARGET = 10.0;
				LD_RUNPATH_SEARCH_PATHS = (
					"$(inherited)",
					"@executable_path/Frameworks",
				);
				PRODUCT_BUNDLE_IDENTIFIER = com.anon.pickme.MakeItToo;
				PRODUCT_NAME = "$(TARGET_NAME)";
				SWIFT_VERSION = 4.0;
				TARGETED_DEVICE_FAMILY = "1,2";
			};
			name = Release;
		};
		1815A61821FC826B0052A2CE /* Debug */ = {
			isa = XCBuildConfiguration;
			buildSettings = {
				ALWAYS_EMBED_SWIFT_STANDARD_LIBRARIES = YES;
				BUNDLE_LOADER = "$(TEST_HOST)";
				CODE_SIGN_STYLE = Automatic;
				INFOPLIST_FILE = MakeItTooTests/Info.plist;
				LD_RUNPATH_SEARCH_PATHS = (
					"$(inherited)",
					"@executable_path/Frameworks",
					"@loader_path/Frameworks",
				);
				PRODUCT_BUNDLE_IDENTIFIER = com.anon.pickme.MakeItTooTests;
				PRODUCT_NAME = "$(TARGET_NAME)";
				SWIFT_VERSION = 4.0;
				TARGETED_DEVICE_FAMILY = "1,2";
				TEST_HOST = "$(BUILT_PRODUCTS_DIR)/MakeItToo.app/MakeItToo";
			};
			name = Debug;
		};
		1815A61921FC826B0052A2CE /* Release */ = {
			isa = XCBuildConfiguration;
			buildSettings = {
				ALWAYS_EMBED_SWIFT_STANDARD_LIBRARIES = YES;
				BUNDLE_LOADER = "$(TEST_HOST)";
				CODE_SIGN_STYLE = Automatic;
				INFOPLIST_FILE = MakeItTooTests/Info.plist;
				LD_RUNPATH_SEARCH_PATHS = (
					"$(inherited)",
					"@executable_path/Frameworks",
					"@loader_path/Frameworks",
				);
				PRODUCT_BUNDLE_IDENTIFIER = com.anon.pickme.MakeItTooTests;
				PRODUCT_NAME = "$(TARGET_NAME)";
				SWIFT_VERSION = 4.0;
				TARGETED_DEVICE_FAMILY = "1,2";
				TEST_HOST = "$(BUILT_PRODUCTS_DIR)/MakeItToo.app/MakeItToo";
			};
			name = Release;
		};
		1815A61B21FC826B0052A2CE /* Debug */ = {
			isa = XCBuildConfiguration;
			buildSettings = {
				ALWAYS_EMBED_SWIFT_STANDARD_LIBRARIES = YES;
				CODE_SIGN_STYLE = Automatic;
				INFOPLIST_FILE = MakeItTooUITests/Info.plist;
				LD_RUNPATH_SEARCH_PATHS = (
					"$(inherited)",
					"@executable_path/Frameworks",
					"@loader_path/Frameworks",
				);
				PRODUCT_BUNDLE_IDENTIFIER = com.anon.pickme.MakeItTooUITests;
				PRODUCT_NAME = "$(TARGET_NAME)";
				SWIFT_VERSION = 4.0;
				TARGETED_DEVICE_FAMILY = "1,2";
				TEST_TARGET_NAME = MakeItToo;
			};
			name = Debug;
		};
		1815A61C21FC826B0052A2CE /* Release */ = {
			isa = XCBuildConfiguration;
			buildSettings = {
				ALWAYS_EMBED_SWIFT_STANDARD_LIBRARIES = YES;
				CODE_SIGN_STYLE = Automatic;
				INFOPLIST_FILE = MakeItTooUITests/Info.plist;
				LD_RUNPATH_SEARCH_PATHS = (
					"$(inherited)",
					"@executable_path/Frameworks",
					"@loader_path/Frameworks",
				);
				PRODUCT_BUNDLE_IDENTIFIER = com.anon.pickme.MakeItTooUITests;
				PRODUCT_NAME = "$(TARGET_NAME)";
				SWIFT_VERSION = 4.0;
				TARGETED_DEVICE_FAMILY = "1,2";
				TEST_TARGET_NAME = MakeItToo;
			};
			name = Release;
		};
/* End XCBuildConfiguration section */

/* Begin XCConfigurationList section */
		1815A5E421FC82690052A2CE /* Build configuration list for PBXProject "MakeItToo" */ = {
			isa = XCConfigurationList;
			buildConfigurations = (
				1815A61221FC826B0052A2CE /* Debug */,
				1815A61321FC826B0052A2CE /* Release */,
			);
			defaultConfigurationIsVisible = 0;
			defaultConfigurationName = Release;
		};
		1815A61421FC826B0052A2CE /* Build configuration list for PBXNativeTarget "MakeItToo" */ = {
			isa = XCConfigurationList;
			buildConfigurations = (
				1815A61521FC826B0052A2CE /* Debug */,
				1815A61621FC826B0052A2CE /* Release */,
			);
			defaultConfigurationIsVisible = 0;
			defaultConfigurationName = Release;
		};
		1815A61721FC826B0052A2CE /* Build configuration list for PBXNativeTarget "MakeItTooTests" */ = {
			isa = XCConfigurationList;
			buildConfigurations = (
				1815A61821FC826B0052A2CE /* Debug */,
				1815A61921FC826B0052A2CE /* Release */,
			);
			defaultConfigurationIsVisible = 0;
			defaultConfigurationName = Release;
		};
		1815A61A21FC826B0052A2CE /* Build configuration list for PBXNativeTarget "MakeItTooUITests" */ = {
			isa = XCConfigurationList;
			buildConfigurations = (
				1815A61B21FC826B0052A2CE /* Debug */,
				1815A61C21FC826B0052A2CE /* Release */,
			);
			defaultConfigurationIsVisible = 0;
			defaultConfigurationName = Release;
		};
/* End XCConfigurationList section */

/* Begin XCVersionGroup section */
		1815A5F321FC826A0052A2CE /* MakeItToo.xcdatamodeld */ = {
			isa = XCVersionGroup;
			children = (
				1815A5F421FC826A0052A2CE /* MakeItToo.xcdatamodel */,
			);
			currentVersion = 1815A5F421FC826A0052A2CE /* MakeItToo.xcdatamodel */;
			path = MakeItToo.xcdatamodeld;
			sourceTree = "<group>";
			versionGroupType = wrapper.xcdatamodel;
		};
/* End XCVersionGroup section */
	};
	rootObject = 1815A5E121FC82690052A2CE /* Project object */;
}
